
Microsoft Visual Studio Solution File, Format Version 12.00
Project("{FAE04EC0-301F-11D3-BF4B-00C04F79EFBC}") = "Netconf", "Netconf\Netconf.csproj", "{AC45A9FF-5591-465A-87B1-CB4E5AC1CA20}"
EndProject
Project("{FAE04EC0-301F-11D3-BF4B-00C04F79EFBC}") = "Demo", "Demo\Demo.csproj", "{CA57046B-D237-4362-B92F-6DCB6B0A7AA7}"
EndProject
Project("{FAE04EC0-301F-11D3-BF4B-00C04F79EFBC}") = "Netconf.Rebex", "Netconf.Rebex\Netconf.Rebex.csproj", "{2DD9F368-BC86-44F5-86C7-EFBA4C0E5C8B}"
EndProject
Project("{FAE04EC0-301F-11D3-BF4B-00C04F79EFBC}") = "Demo2", "Demo2\Demo2.csproj", "{8F17768D-B327-4D40-AD86-EC60927954C0}"
EndProject
Global
	GlobalSection(SolutionConfigurationPlatforms) = preSolution
		Debug|Any CPU = Debug|Any CPU
		Release|Any CPU = Release|Any CPU
	EndGlobalSection
	GlobalSection(ProjectConfigurationPlatforms) = postSolution
		{AC45A9FF-5591-465A-87B1-CB4E5AC1CA20}.Debug|Any CPU.ActiveCfg = Debug|Any CPU
		{AC45A9FF-5591-465A-87B1-CB4E5AC1CA20}.Debug|Any CPU.Build.0 = Debug|Any CPU
		{AC45A9FF-5591-465A-87B1-CB4E5AC1CA20}.Release|Any CPU.ActiveCfg = Release|Any CPU
		{AC45A9FF-5591-465A-87B1-CB4E5AC1CA20}.Release|Any CPU.Build.0 = Release|Any CPU
		{CA57046B-D237-4362-B92F-6DCB6B0A7AA7}.Debug|Any CPU.ActiveCfg = Debug|Any CPU
		{CA57046B-D237-4362-B92F-6DCB6B0A7AA7}.Debug|Any CPU.Build.0 = Debug|Any CPU
		{CA57046B-D237-4362-B92F-6DCB6B0A7AA7}.Release|Any CPU.ActiveCfg = Release|Any CPU
		{CA57046B-D237-4362-B92F-6DCB6B0A7AA7}.Release|Any CPU.Build.0 = Release|Any CPU
		{2DD9F368-BC86-44F5-86C7-EFBA4C0E5C8B}.Debug|Any CPU.ActiveCfg = Debug|Any CPU
		{2DD9F368-BC86-44F5-86C7-EFBA4C0E5C8B}.Debug|Any CPU.Build.0 = Debug|Any CPU
		{2DD9F368-BC86-44F5-86C7-EFBA4C0E5C8B}.Release|Any CPU.ActiveCfg = Release|Any CPU
		{2DD9F368-BC86-44F5-86C7-EFBA4C0E5C8B}.Release|Any CPU.Build.0 = Release|Any CPU
		{8F17768D-B327-4D40-AD86-EC60927954C0}.Debug|Any CPU.ActiveCfg = Debug|Any CPU
		{8F17768D-B327-4D40-AD86-EC60927954C0}.Debug|Any CPU.Build.0 = Debug|Any CPU
		{8F17768D-B327-4D40-AD86-EC60927954C0}.Release|Any CPU.ActiveCfg = Release|Any CPU
		{8F17768D-B327-4D40-AD86-EC60927954C0}.Release|Any CPU.Build.0 = Release|Any CPU
	EndGlobalSection
EndGlobal
